
Microsoft Visual Studio Solution File, Format Version 12.00
# Visual Studio Version 17
VisualStudioVersion = 17.2.32802.462
MinimumVisualStudioVersion = 10.0.40219.1
Project("{9A19103F-16F7-4668-BE54-9A1E7A4F7556}") = "KilencedikGyakorlat", "KilencedikGyakorlat\KilencedikGyakorlat.csproj", "{14FA8C25-7E30-4D6F-BA41-BC04A35D487F}"
EndProject
Project("{FAE04EC0-301F-11D3-BF4B-00C04F79EFBC}") = "excel12", "excel12\excel12.csproj", "{4A4A17FF-AA25-4CA1-AD33-30CBD783431F}"
EndProject
Global
	GlobalSection(SolutionConfigurationPlatforms) = preSolution
		Debug|Any CPU = Debug|Any CPU
		Release|Any CPU = Release|Any CPU
	EndGlobalSection
	GlobalSection(ProjectConfigurationPlatforms) = postSolution
		{14FA8C25-7E30-4D6F-BA41-BC04A35D487F}.Debug|Any CPU.ActiveCfg = Debug|Any CPU
		{14FA8C25-7E30-4D6F-BA41-BC04A35D487F}.Debug|Any CPU.Build.0 = Debug|Any CPU
		{14FA8C25-7E30-4D6F-BA41-BC04A35D487F}.Release|Any CPU.ActiveCfg = Release|Any CPU
		{14FA8C25-7E30-4D6F-BA41-BC04A35D487F}.Release|Any CPU.Build.0 = Release|Any CPU
		{4A4A17FF-AA25-4CA1-AD33-30CBD783431F}.Debug|Any CPU.ActiveCfg = Debug|Any CPU
		{4A4A17FF-AA25-4CA1-AD33-30CBD783431F}.Debug|Any CPU.Build.0 = Debug|Any CPU
		{4A4A17FF-AA25-4CA1-AD33-30CBD783431F}.Release|Any CPU.ActiveCfg = Release|Any CPU
		{4A4A17FF-AA25-4CA1-AD33-30CBD783431F}.Release|Any CPU.Build.0 = Release|Any CPU
	EndGlobalSection
	GlobalSection(SolutionProperties) = preSolution
		HideSolutionNode = FALSE
	EndGlobalSection
	GlobalSection(ExtensibilityGlobals) = postSolution
		SolutionGuid = {A38C9363-67CD-4FEA-8E37-DB6DD1EED898}
	EndGlobalSection
EndGlobal
